
Microsoft Visual Studio Solution File, Format Version 12.00
# Visual Studio Version 16
VisualStudioVersion = 16.0.29519.181
MinimumVisualStudioVersion = 10.0.40219.1
Project("{FAE04EC0-301F-11D3-BF4B-00C04F79EFBC}") = "HirePros", "HirePros.csproj", "{DB2F121D-CD0F-4AA8-8958-4CBAB337FC18}"
EndProject
Global
	GlobalSection(SolutionConfigurationPlatforms) = preSolution
		Debug|Any CPU = Debug|Any CPU
		Release|Any CPU = Release|Any CPU
	EndGlobalSection
	GlobalSection(ProjectConfigurationPlatforms) = postSolution
		{DB2F121D-CD0F-4AA8-8958-4CBAB337FC18}.Debug|Any CPU.ActiveCfg = Debug|Any CPU
		{DB2F121D-CD0F-4AA8-8958-4CBAB337FC18}.Debug|Any CPU.Build.0 = Debug|Any CPU
		{DB2F121D-CD0F-4AA8-8958-4CBAB337FC18}.Release|Any CPU.ActiveCfg = Release|Any CPU
		{DB2F121D-CD0F-4AA8-8958-4CBAB337FC18}.Release|Any CPU.Build.0 = Release|Any CPU
	EndGlobalSection
	GlobalSection(SolutionProperties) = preSolution
		HideSolutionNode = FALSE
	EndGlobalSection
	GlobalSection(ExtensibilityGlobals) = postSolution
		SolutionGuid = {A943FEF9-5A6C-43E7-B583-E8BDF9005F6F}
	EndGlobalSection
EndGlobal
